
Microsoft Visual Studio Solution File, Format Version 12.00
# Visual Studio Version 16
VisualStudioVersion = 16.0.30523.141
MinimumVisualStudioVersion = 10.0.40219.1
Project("{FAE04EC0-301F-11D3-BF4B-00C04F79EFBC}") = "UoWApi", "UoWApi\UoWApi.csproj", "{317AB858-C875-42F2-8577-5EE1D8764B69}"
EndProject
Global
	GlobalSection(SolutionConfigurationPlatforms) = preSolution
		Debug|Any CPU = Debug|Any CPU
		Release|Any CPU = Release|Any CPU
	EndGlobalSection
	GlobalSection(ProjectConfigurationPlatforms) = postSolution
		{317AB858-C875-42F2-8577-5EE1D8764B69}.Debug|Any CPU.ActiveCfg = Debug|Any CPU
		{317AB858-C875-42F2-8577-5EE1D8764B69}.Debug|Any CPU.Build.0 = Debug|Any CPU
		{317AB858-C875-42F2-8577-5EE1D8764B69}.Release|Any CPU.ActiveCfg = Release|Any CPU
		{317AB858-C875-42F2-8577-5EE1D8764B69}.Release|Any CPU.Build.0 = Release|Any CPU
	EndGlobalSection
	GlobalSection(SolutionProperties) = preSolution
		HideSolutionNode = FALSE
	EndGlobalSection
	GlobalSection(ExtensibilityGlobals) = postSolution
		SolutionGuid = {C1A073A4-EBFC-4265-BF03-F5B942FF404B}
	EndGlobalSection
EndGlobal
