
Microsoft Visual Studio Solution File, Format Version 12.00
# Visual Studio Version 16
VisualStudioVersion = 16.0.31729.503
MinimumVisualStudioVersion = 10.0.40219.1
Project("{FAE04EC0-301F-11D3-BF4B-00C04F79EFBC}") = "HangfireProject", "HangfireProject\HangfireProject.csproj", "{C85A0ADB-C96D-40EB-AA84-D325DF654564}"
EndProject
Global
	GlobalSection(SolutionConfigurationPlatforms) = preSolution
		Debug|Any CPU = Debug|Any CPU
		Release|Any CPU = Release|Any CPU
	EndGlobalSection
	GlobalSection(ProjectConfigurationPlatforms) = postSolution
		{C85A0ADB-C96D-40EB-AA84-D325DF654564}.Debug|Any CPU.ActiveCfg = Debug|Any CPU
		{C85A0ADB-C96D-40EB-AA84-D325DF654564}.Debug|Any CPU.Build.0 = Debug|Any CPU
		{C85A0ADB-C96D-40EB-AA84-D325DF654564}.Release|Any CPU.ActiveCfg = Release|Any CPU
		{C85A0ADB-C96D-40EB-AA84-D325DF654564}.Release|Any CPU.Build.0 = Release|Any CPU
	EndGlobalSection
	GlobalSection(SolutionProperties) = preSolution
		HideSolutionNode = FALSE
	EndGlobalSection
	GlobalSection(ExtensibilityGlobals) = postSolution
		SolutionGuid = {D1CECC79-6619-429A-AE0B-5CC2451FF808}
	EndGlobalSection
EndGlobal
